// !$*UTF8*$!
{
	archiveVersion = 1;
	classes = {
	};
	objectVersion = 50;
	objects = {

/* Begin PBXBuildFile section */
		B634C46C25B860830057AA67 /* AppDelegate.swift in Sources */ = {isa = PBXBuildFile; fileRef = B634C46B25B860830057AA67 /* AppDelegate.swift */; };
		B634C46E25B860830057AA67 /* SceneDelegate.swift in Sources */ = {isa = PBXBuildFile; fileRef = B634C46D25B860830057AA67 /* SceneDelegate.swift */; };
		B634C47325B860830057AA67 /* Main.storyboard in Resources */ = {isa = PBXBuildFile; fileRef = B634C47125B860830057AA67 /* Main.storyboard */; };
		B634C47525B860870057AA67 /* Assets.xcassets in Resources */ = {isa = PBXBuildFile; fileRef = B634C47425B860870057AA67 /* Assets.xcassets */; };
		B634C47825B860870057AA67 /* LaunchScreen.storyboard in Resources */ = {isa = PBXBuildFile; fileRef = B634C47625B860870057AA67 /* LaunchScreen.storyboard */; };
		B634C48425B8615D0057AA67 /* PoketBookController.swift in Sources */ = {isa = PBXBuildFile; fileRef = B634C48325B8615D0057AA67 /* PoketBookController.swift */; };
		B6FD337025B95CEC00763161 /* Extension.swift in Sources */ = {isa = PBXBuildFile; fileRef = B6FD336F25B95CEC00763161 /* Extension.swift */; };
		B6FD337525B971AB00763161 /* PoketmonCell.swift in Sources */ = {isa = PBXBuildFile; fileRef = B6FD337425B971AB00763161 /* PoketmonCell.swift */; };
		B6FD337925B9987400763161 /* Poketmon.swift in Sources */ = {isa = PBXBuildFile; fileRef = B6FD337825B9987400763161 /* Poketmon.swift */; };
		B6FD337D25B9992700763161 /* PoketmonService.swift in Sources */ = {isa = PBXBuildFile; fileRef = B6FD337C25B9992700763161 /* PoketmonService.swift */; };
/* End PBXBuildFile section */

/* Begin PBXFileReference section */
		B634C46825B860830057AA67 /* PoketMonDict.app */ = {isa = PBXFileReference; explicitFileType = wrapper.application; includeInIndex = 0; path = PoketMonDict.app; sourceTree = BUILT_PRODUCTS_DIR; };
		B634C46B25B860830057AA67 /* AppDelegate.swift */ = {isa = PBXFileReference; lastKnownFileType = sourcecode.swift; path = AppDelegate.swift; sourceTree = "<group>"; };
		B634C46D25B860830057AA67 /* SceneDelegate.swift */ = {isa = PBXFileReference; lastKnownFileType = sourcecode.swift; path = SceneDelegate.swift; sourceTree = "<group>"; };
		B634C47225B860830057AA67 /* Base */ = {isa = PBXFileReference; lastKnownFileType = file.storyboard; name = Base; path = Base.lproj/Main.storyboard; sourceTree = "<group>"; };
		B634C47425B860870057AA67 /* Assets.xcassets */ = {isa = PBXFileReference; lastKnownFileType = folder.assetcatalog; path = Assets.xcassets; sourceTree = "<group>"; };
		B634C47725B860870057AA67 /* Base */ = {isa = PBXFileReference; lastKnownFileType = file.storyboard; name = Base; path = Base.lproj/LaunchScreen.storyboard; sourceTree = "<group>"; };
		B634C47925B860870057AA67 /* Info.plist */ = {isa = PBXFileReference; lastKnownFileType = text.plist.xml; path = Info.plist; sourceTree = "<group>"; };
		B634C48325B8615D0057AA67 /* PoketBookController.swift */ = {isa = PBXFileReference; lastKnownFileType = sourcecode.swift; path = PoketBookController.swift; sourceTree = "<group>"; };
		B6FD336F25B95CEC00763161 /* Extension.swift */ = {isa = PBXFileReference; lastKnownFileType = sourcecode.swift; path = Extension.swift; sourceTree = "<group>"; };
		B6FD337425B971AB00763161 /* PoketmonCell.swift */ = {isa = PBXFileReference; lastKnownFileType = sourcecode.swift; path = PoketmonCell.swift; sourceTree = "<group>"; };
		B6FD337825B9987400763161 /* Poketmon.swift */ = {isa = PBXFileReference; lastKnownFileType = sourcecode.swift; path = Poketmon.swift; sourceTree = "<group>"; };
		B6FD337C25B9992700763161 /* PoketmonService.swift */ = {isa = PBXFileReference; lastKnownFileType = sourcecode.swift; path = PoketmonService.swift; sourceTree = "<group>"; };
/* End PBXFileReference section */

/* Begin PBXFrameworksBuildPhase section */
		B634C46525B860830057AA67 /* Frameworks */ = {
			isa = PBXFrameworksBuildPhase;
			buildActionMask = 2147483647;
			files = (
			);
			runOnlyForDeploymentPostprocessing = 0;
		};
/* End PBXFrameworksBuildPhase section */

/* Begin PBXGroup section */
		B634C45F25B860830057AA67 = {
			isa = PBXGroup;
			children = (
				B634C46A25B860830057AA67 /* PoketMonDict */,
				B634C46925B860830057AA67 /* Products */,
			);
			sourceTree = "<group>";
		};
		B634C46925B860830057AA67 /* Products */ = {
			isa = PBXGroup;
			children = (
				B634C46825B860830057AA67 /* PoketMonDict.app */,
			);
			name = Products;
			sourceTree = "<group>";
		};
		B634C46A25B860830057AA67 /* PoketMonDict */ = {
			isa = PBXGroup;
			children = (
				B6FD337B25B9991400763161 /* Service */,
				B6FD337725B9986100763161 /* Model */,
				B6FD337325B9719100763161 /* Views */,
				B6FD336E25B95CDB00763161 /* Utils */,
				B634C48225B8613E0057AA67 /* Controllers */,
				B634C46B25B860830057AA67 /* AppDelegate.swift */,
				B634C46D25B860830057AA67 /* SceneDelegate.swift */,
				B634C47125B860830057AA67 /* Main.storyboard */,
				B634C47425B860870057AA67 /* Assets.xcassets */,
				B634C47625B860870057AA67 /* LaunchScreen.storyboard */,
				B634C47925B860870057AA67 /* Info.plist */,
			);
			path = PoketMonDict;
			sourceTree = "<group>";
		};
		B634C48225B8613E0057AA67 /* Controllers */ = {
			isa = PBXGroup;
			children = (
				B634C48325B8615D0057AA67 /* PoketBookController.swift */,
			);
			path = Controllers;
			sourceTree = "<group>";
		};
		B6FD336E25B95CDB00763161 /* Utils */ = {
			isa = PBXGroup;
			children = (
				B6FD336F25B95CEC00763161 /* Extension.swift */,
			);
			path = Utils;
			sourceTree = "<group>";
		};
		B6FD337325B9719100763161 /* Views */ = {
			isa = PBXGroup;
			children = (
				B6FD337425B971AB00763161 /* PoketmonCell.swift */,
			);
			path = Views;
			sourceTree = "<group>";
		};
		B6FD337725B9986100763161 /* Model */ = {
			isa = PBXGroup;
			children = (
				B6FD337825B9987400763161 /* Poketmon.swift */,
			);
			path = Model;
			sourceTree = "<group>";
		};
		B6FD337B25B9991400763161 /* Service */ = {
			isa = PBXGroup;
			children = (
				B6FD337C25B9992700763161 /* PoketmonService.swift */,
			);
			path = Service;
			sourceTree = "<group>";
		};
/* End PBXGroup section */

/* Begin PBXNativeTarget section */
		B634C46725B860830057AA67 /* PoketMonDict */ = {
			isa = PBXNativeTarget;
			buildConfigurationList = B634C47C25B860870057AA67 /* Build configuration list for PBXNativeTarget "PoketMonDict" */;
			buildPhases = (
				B634C46425B860830057AA67 /* Sources */,
				B634C46525B860830057AA67 /* Frameworks */,
				B634C46625B860830057AA67 /* Resources */,
			);
			buildRules = (
			);
			dependencies = (
			);
			name = PoketMonDict;
			productName = PoketMonDict;
			productReference = B634C46825B860830057AA67 /* PoketMonDict.app */;
			productType = "com.apple.product-type.application";
		};
/* End PBXNativeTarget section */

/* Begin PBXProject section */
		B634C46025B860830057AA67 /* Project object */ = {
			isa = PBXProject;
			attributes = {
				LastSwiftUpdateCheck = 1230;
				LastUpgradeCheck = 1230;
				TargetAttributes = {
					B634C46725B860830057AA67 = {
						CreatedOnToolsVersion = 12.3;
					};
				};
			};
			buildConfigurationList = B634C46325B860830057AA67 /* Build configuration list for PBXProject "PoketMonDict" */;
			compatibilityVersion = "Xcode 9.3";
			developmentRegion = en;
			hasScannedForEncodings = 0;
			knownRegions = (
				en,
				Base,
			);
			mainGroup = B634C45F25B860830057AA67;
			productRefGroup = B634C46925B860830057AA67 /* Products */;
			projectDirPath = "";
			projectRoot = "";
			targets = (
				B634C46725B860830057AA67 /* PoketMonDict */,
			);
		};
/* End PBXProject section */

/* Begin PBXResourcesBuildPhase section */
		B634C46625B860830057AA67 /* Resources */ = {
			isa = PBXResourcesBuildPhase;
			buildActionMask = 2147483647;
			files = (
				B634C47825B860870057AA67 /* LaunchScreen.storyboard in Resources */,
				B634C47525B860870057AA67 /* Assets.xcassets in Resources */,
				B634C47325B860830057AA67 /* Main.storyboard in Resources */,
			);
			runOnlyForDeploymentPostprocessing = 0;
		};
/* End PBXResourcesBuildPhase section */

/* Begin PBXSourcesBuildPhase section */
		B634C46425B860830057AA67 /* Sources */ = {
			isa = PBXSourcesBuildPhase;
			buildActionMask = 2147483647;
			files = (
				B6FD337D25B9992700763161 /* PoketmonService.swift in Sources */,
				B634C46C25B860830057AA67 /* AppDelegate.swift in Sources */,
				B6FD337525B971AB00763161 /* PoketmonCell.swift in Sources */,
				B634C46E25B860830057AA67 /* SceneDelegate.swift in Sources */,
				B634C48425B8615D0057AA67 /* PoketBookController.swift in Sources */,
				B6FD337925B9987400763161 /* Poketmon.swift in Sources */,
				B6FD337025B95CEC00763161 /* Extension.swift in Sources */,
			);
			runOnlyForDeploymentPostprocessing = 0;
		};
/* End PBXSourcesBuildPhase section */

/* Begin PBXVariantGroup section */
		B634C47125B860830057AA67 /* Main.storyboard */ = {
			isa = PBXVariantGroup;
			children = (
				B634C47225B860830057AA67 /* Base */,
			);
			name = Main.storyboard;
			sourceTree = "<group>";
		};
		B634C47625B860870057AA67 /* LaunchScreen.storyboard */ = {
			isa = PBXVariantGroup;
			children = (
				B634C47725B860870057AA67 /* Base */,
			);
			name = LaunchScreen.storyboard;
			sourceTree = "<group>";
		};
/* End PBXVariantGroup section */

/* Begin XCBuildConfiguration section */
		B634C47A25B860870057AA67 /* Debug */ = {
			isa = XCBuildConfiguration;
			buildSettings = {
				ALWAYS_SEARCH_USER_PATHS = NO;
				CLANG_ANALYZER_NONNULL = YES;
				CLANG_ANALYZER_NUMBER_OBJECT_CONVERSION = YES_AGGRESSIVE;
				CLANG_CXX_LANGUAGE_STANDARD = "gnu++14";
				CLANG_CXX_LIBRARY = "libc++";
				CLANG_ENABLE_MODULES = YES;
				CLANG_ENABLE_OBJC_ARC = YES;
				CLANG_ENABLE_OBJC_WEAK = YES;
				CLANG_WARN_BLOCK_CAPTURE_AUTORELEASING = YES;
				CLANG_WARN_BOOL_CONVERSION = YES;
				CLANG_WARN_COMMA = YES;
				CLANG_WARN_CONSTANT_CONVERSION = YES;
				CLANG_WARN_DEPRECATED_OBJC_IMPLEMENTATIONS = YES;
				CLANG_WARN_DIRECT_OBJC_ISA_USAGE = YES_ERROR;
				CLANG_WARN_DOCUMENTATION_COMMENTS = YES;
				CLANG_WARN_EMPTY_BODY = YES;
				CLANG_WARN_ENUM_CONVERSION = YES;
				CLANG_WARN_INFINITE_RECURSION = YES;
				CLANG_WARN_INT_CONVERSION = YES;
				CLANG_WARN_NON_LITERAL_NULL_CONVERSION = YES;
				CLANG_WARN_OBJC_IMPLICIT_RETAIN_SELF = YES;
				CLANG_WARN_OBJC_LITERAL_CONVERSION = YES;
				CLANG_WARN_OBJC_ROOT_CLASS = YES_ERROR;
				CLANG_WARN_QUOTED_INCLUDE_IN_FRAMEWORK_HEADER = YES;
				CLANG_WARN_RANGE_LOOP_ANALYSIS = YES;
				CLANG_WARN_STRICT_PROTOTYPES = YES;
				CLANG_WARN_SUSPICIOUS_MOVE = YES;
				CLANG_WARN_UNGUARDED_AVAILABILITY = YES_AGGRESSIVE;
				CLANG_WARN_UNREACHABLE_CODE = YES;
				CLANG_WARN__DUPLICATE_METHOD_MATCH = YES;
				COPY_PHASE_STRIP = NO;
				DEBUG_INFORMATION_FORMAT = dwarf;
				ENABLE_STRICT_OBJC_MSGSEND = YES;
				ENABLE_TESTABILITY = YES;
				GCC_C_LANGUAGE_STANDARD = gnu11;
				GCC_DYNAMIC_NO_PIC = NO;
				GCC_NO_COMMON_BLOCKS = YES;
				GCC_OPTIMIZATION_LEVEL = 0;
				GCC_PREPROCESSOR_DEFINITIONS = (
					"DEBUG=1",
					"$(inherited)",
				);
				GCC_WARN_64_TO_32_BIT_CONVERSION = YES;
				GCC_WARN_ABOUT_RETURN_TYPE = YES_ERROR;
				GCC_WARN_UNDECLARED_SELECTOR = YES;
				GCC_WARN_UNINITIALIZED_AUTOS = YES_AGGRESSIVE;
				GCC_WARN_UNUSED_FUNCTION = YES;
				GCC_WARN_UNUSED_VARIABLE = YES;
				IPHONEOS_DEPLOYMENT_TARGET = 14.3;
				MTL_ENABLE_DEBUG_INFO = INCLUDE_SOURCE;
				MTL_FAST_MATH = YES;
				ONLY_ACTIVE_ARCH = YES;
				SDKROOT = iphoneos;
				SWIFT_ACTIVE_COMPILATION_CONDITIONS = DEBUG;
				SWIFT_OPTIMIZATION_LEVEL = "-Onone";
			};
			name = Debug;
		};
		B634C47B25B860870057AA67 /* Release */ = {
			isa = XCBuildConfiguration;
			buildSettings = {
				ALWAYS_SEARCH_USER_PATHS = NO;
				CLANG_ANALYZER_NONNULL = YES;
				CLANG_ANALYZER_NUMBER_OBJECT_CONVERSION = YES_AGGRESSIVE;
				CLANG_CXX_LANGUAGE_STANDARD = "gnu++14";
				CLANG_CXX_LIBRARY = "libc++";
				CLANG_ENABLE_MODULES = YES;
				CLANG_ENABLE_OBJC_ARC = YES;
				CLANG_ENABLE_OBJC_WEAK = YES;
				CLANG_WARN_BLOCK_CAPTURE_AUTORELEASING = YES;
				CLANG_WARN_BOOL_CONVERSION = YES;
				CLANG_WARN_COMMA = YES;
				CLANG_WARN_CONSTANT_CONVERSION = YES;
				CLANG_WARN_DEPRECATED_OBJC_IMPLEMENTATIONS = YES;
				CLANG_WARN_DIRECT_OBJC_ISA_USAGE = YES_ERROR;
				CLANG_WARN_DOCUMENTATION_COMMENTS = YES;
				CLANG_WARN_EMPTY_BODY = YES;
				CLANG_WARN_ENUM_CONVERSION = YES;
				CLANG_WARN_INFINITE_RECURSION = YES;
				CLANG_WARN_INT_CONVERSION = YES;
				CLANG_WARN_NON_LITERAL_NULL_CONVERSION = YES;
				CLANG_WARN_OBJC_IMPLICIT_RETAIN_SELF = YES;
				CLANG_WARN_OBJC_LITERAL_CONVERSION = YES;
				CLANG_WARN_OBJC_ROOT_CLASS = YES_ERROR;
				CLANG_WARN_QUOTED_INCLUDE_IN_FRAMEWORK_HEADER = YES;
				CLANG_WARN_RANGE_LOOP_ANALYSIS = YES;
				CLANG_WARN_STRICT_PROTOTYPES = YES;
				CLANG_WARN_SUSPICIOUS_MOVE = YES;
				CLANG_WARN_UNGUARDED_AVAILABILITY = YES_AGGRESSIVE;
				CLANG_WARN_UNREACHABLE_CODE = YES;
				CLANG_WARN__DUPLICATE_METHOD_MATCH = YES;
				COPY_PHASE_STRIP = NO;
				DEBUG_INFORMATION_FORMAT = "dwarf-with-dsym";
				ENABLE_NS_ASSERTIONS = NO;
				ENABLE_STRICT_OBJC_MSGSEND = YES;
				GCC_C_LANGUAGE_STANDARD = gnu11;
				GCC_NO_COMMON_BLOCKS = YES;
				GCC_WARN_64_TO_32_BIT_CONVERSION = YES;
				GCC_WARN_ABOUT_RETURN_TYPE = YES_ERROR;
				GCC_WARN_UNDECLARED_SELECTOR = YES;
				GCC_WARN_UNINITIALIZED_AUTOS = YES_AGGRESSIVE;
				GCC_WARN_UNUSED_FUNCTION = YES;
				GCC_WARN_UNUSED_VARIABLE = YES;
				IPHONEOS_DEPLOYMENT_TARGET = 14.3;
				MTL_ENABLE_DEBUG_INFO = NO;
				MTL_FAST_MATH = YES;
				SDKROOT = iphoneos;
				SWIFT_COMPILATION_MODE = wholemodule;
				SWIFT_OPTIMIZATION_LEVEL = "-O";
				VALIDATE_PRODUCT = YES;
			};
			name = Release;
		};
		B634C47D25B860870057AA67 /* Debug */ = {
			isa = XCBuildConfiguration;
			buildSettings = {
				ASSETCATALOG_COMPILER_APPICON_NAME = AppIcon;
				ASSETCATALOG_COMPILER_GLOBAL_ACCENT_COLOR_NAME = AccentColor;
				CODE_SIGN_STYLE = Automatic;
				DEVELOPMENT_TEAM = 2L2K3UD2LK;
				INFOPLIST_FILE = PoketMonDict/Info.plist;
				LD_RUNPATH_SEARCH_PATHS = (
					"$(inherited)",
					"@executable_path/Frameworks",
				);
				PRODUCT_BUNDLE_IDENTIFIER = "sangheon-lee.PoketMonDict";
				PRODUCT_NAME = "$(TARGET_NAME)";
				SWIFT_VERSION = 5.0;
				TARGETED_DEVICE_FAMILY = "1,2";
			};
			name = Debug;
		};
		B634C47E25B860870057AA67 /* Release */ = {
			isa = XCBuildConfiguration;
			buildSettings = {
				ASSETCATALOG_COMPILER_APPICON_NAME = AppIcon;
				ASSETCATALOG_COMPILER_GLOBAL_ACCENT_COLOR_NAME = AccentColor;
				CODE_SIGN_STYLE = Automatic;
				DEVELOPMENT_TEAM = 2L2K3UD2LK;
				INFOPLIST_FILE = PoketMonDict/Info.plist;
				LD_RUNPATH_SEARCH_PATHS = (
					"$(inherited)",
					"@executable_path/Frameworks",
				);
				PRODUCT_BUNDLE_IDENTIFIER = "sangheon-lee.PoketMonDict";
				PRODUCT_NAME = "$(TARGET_NAME)";
				SWIFT_VERSION = 5.0;
				TARGETED_DEVICE_FAMILY = "1,2";
			};
			name = Release;
		};
/* End XCBuildConfiguration section */

/* Begin XCConfigurationList section */
		B634C46325B860830057AA67 /* Build configuration list for PBXProject "PoketMonDict" */ = {
			isa = XCConfigurationList;
			buildConfigurations = (
				B634C47A25B860870057AA67 /* Debug */,
				B634C47B25B860870057AA67 /* Release */,
			);
			defaultConfigurationIsVisible = 0;
			defaultConfigurationName = Release;
		};
		B634C47C25B860870057AA67 /* Build configuration list for PBXNativeTarget "PoketMonDict" */ = {
			isa = XCConfigurationList;
			buildConfigurations = (
				B634C47D25B860870057AA67 /* Debug */,
				B634C47E25B860870057AA67 /* Release */,
			);
			defaultConfigurationIsVisible = 0;
			defaultConfigurationName = Release;
		};
/* End XCConfigurationList section */
	};
	rootObject = B634C46025B860830057AA67 /* Project object */;
}
